
Microsoft Visual Studio Solution File, Format Version 12.00
# Visual Studio Version 17
VisualStudioVersion = 17.0.31903.59
MinimumVisualStudioVersion = 10.0.40219.1
Project("{9A19103F-16F7-4668-BE54-9A1E7A4F7556}") = "prezentacja", "prezentacja\prezentacja.csproj", "{B0AF327C-F24E-4237-A25D-F67AD9100EE1}"
EndProject
Project("{FAE04EC0-301F-11D3-BF4B-00C04F79EFBC}") = "kalkulatorTest", "kalkulatorTest\kalkulatorTest.csproj", "{4C6010FF-4BBD-4AE4-9B5D-780F349F8FAF}"
	ProjectSection(ProjectDependencies) = postProject
		{B0AF327C-F24E-4237-A25D-F67AD9100EE1} = {B0AF327C-F24E-4237-A25D-F67AD9100EE1}
	EndProjectSection
EndProject
Global
	GlobalSection(SolutionConfigurationPlatforms) = preSolution
		Debug|Any CPU = Debug|Any CPU
		Release|Any CPU = Release|Any CPU
	EndGlobalSection
	GlobalSection(ProjectConfigurationPlatforms) = postSolution
		{B0AF327C-F24E-4237-A25D-F67AD9100EE1}.Debug|Any CPU.ActiveCfg = Debug|Any CPU
		{B0AF327C-F24E-4237-A25D-F67AD9100EE1}.Debug|Any CPU.Build.0 = Debug|Any CPU
		{B0AF327C-F24E-4237-A25D-F67AD9100EE1}.Release|Any CPU.ActiveCfg = Release|Any CPU
		{B0AF327C-F24E-4237-A25D-F67AD9100EE1}.Release|Any CPU.Build.0 = Release|Any CPU
		{4C6010FF-4BBD-4AE4-9B5D-780F349F8FAF}.Debug|Any CPU.ActiveCfg = Debug|Any CPU
		{4C6010FF-4BBD-4AE4-9B5D-780F349F8FAF}.Debug|Any CPU.Build.0 = Debug|Any CPU
		{4C6010FF-4BBD-4AE4-9B5D-780F349F8FAF}.Release|Any CPU.ActiveCfg = Release|Any CPU
		{4C6010FF-4BBD-4AE4-9B5D-780F349F8FAF}.Release|Any CPU.Build.0 = Release|Any CPU
	EndGlobalSection
	GlobalSection(SolutionProperties) = preSolution
		HideSolutionNode = FALSE
	EndGlobalSection
	GlobalSection(ExtensibilityGlobals) = postSolution
		SolutionGuid = {CDB502F3-38F0-4E29-B1FE-676072F40099}
	EndGlobalSection
EndGlobal
